{
  "name": "standup",
  "version": "1.0.0",
  "lockfileVersion": 1,
  "requires": true,
  "dependencies": {
    "es6-promise": {
      "version": "3.0.2",
      "resolved": "https://registry.npmjs.org/es6-promise/-/es6-promise-3.0.2.tgz",
      "integrity": "sha1-AQ1YWEI6XxGJeWZfRkhqlcbuK7Y="
    },
    "iconv-lite": {
      "version": "0.2.11",
      "resolved": "https://registry.npmjs.org/iconv-lite/-/iconv-lite-0.2.11.tgz",
      "integrity": "sha1-HOYKOleGSiktEyH/RgnKS7llrcg="
    },
    "node-clipboard": {
      "version": "1.2.0",
      "resolved": "https://registry.npmjs.org/node-clipboard/-/node-clipboard-1.2.0.tgz",
      "integrity": "sha1-YPSjb8lYoDDx+6g+4VEKrS6o4S4=",
      "requires": {
        "shell-escape": "0.0.0",
        "switchy": "0.1.0"
      }
    },
    "object-assign": {
      "version": "4.1.1",
      "resolved": "https://registry.npmjs.org/object-assign/-/object-assign-4.1.1.tgz",
      "integrity": "sha1-IQmtx5ZYh8/AXLvUQsrIv7s2CGM="
    },
    "qs": {
      "version": "1.2.0",
      "resolved": "https://registry.npmjs.org/qs/-/qs-1.2.0.tgz",
      "integrity": "sha1-7Qeb4oaCFH5v2aNMwrDB4OxkU+4="
    },
    "restler": {
      "version": "3.3.0",
      "resolved": "https://registry.npmjs.org/restler/-/restler-3.3.0.tgz",
      "integrity": "sha1-+TpZteG8LFrQwrlz94EpshgbYHY=",
      "requires": {
        "iconv-lite": "0.2.11",
        "qs": "1.2.0",
        "xml2js": "0.4.0",
        "yaml": "0.2.3"
      }
    },
    "sax": {
      "version": "0.5.8",
      "resolved": "https://registry.npmjs.org/sax/-/sax-0.5.8.tgz",
      "integrity": "sha1-1HLbIo6zMcJQaw6MFVJK25OdEsE="
    },
    "shell-escape": {
      "version": "0.0.0",
      "resolved": "https://registry.npmjs.org/shell-escape/-/shell-escape-0.0.0.tgz",
      "integrity": "sha1-wfC3Kusr5gai4nHwJlH+GO/c12U="
    },
    "switchy": {
      "version": "0.1.0",
      "resolved": "https://registry.npmjs.org/switchy/-/switchy-0.1.0.tgz",
      "integrity": "sha1-Et2BDPZygRMO0wOcuGV7poIkbhk="
    },
    "trello": {
      "version": "0.8.0",
      "resolved": "https://registry.npmjs.org/trello/-/trello-0.8.0.tgz",
      "integrity": "sha1-AGFJWTDhxOFWX1TVd46rFghkJgI=",
      "requires": {
        "es6-promise": "3.0.2",
        "object-assign": "4.1.1",
        "restler": "3.3.0"
      }
    },
    "xml2js": {
      "version": "0.4.0",
      "resolved": "https://registry.npmjs.org/xml2js/-/xml2js-0.4.0.tgz",
      "integrity": "sha1-Ek/EEUtBKcgQgA7LKshs8lRiy5o=",
      "requires": {
        "sax": "0.5.8",
        "xmlbuilder": "9.0.4"
      }
    },
    "xmlbuilder": {
      "version": "9.0.4",
      "resolved": "https://registry.npmjs.org/xmlbuilder/-/xmlbuilder-9.0.4.tgz",
      "integrity": "sha1-UZy0ymhtAFqEINNJbz8MruzKWA8="
    },
    "yaml": {
      "version": "0.2.3",
      "resolved": "https://registry.npmjs.org/yaml/-/yaml-0.2.3.tgz",
      "integrity": "sha1-tUUOkudu82td0k42YAkeuu7z5cc="
    }
  }
}
